// !$*UTF8*$!
{
	archiveVersion = 1;
	classes = {
	};
	objectVersion = 50;
	objects = {

/* Begin PBXBuildFile section */
		2C49CEDC26EBF92800159808 /* AppDelegate.swift in Sources */ = {isa = PBXBuildFile; fileRef = 2C49CEDB26EBF92800159808 /* AppDelegate.swift */; };
		2C49CEDE26EBF92800159808 /* SceneDelegate.swift in Sources */ = {isa = PBXBuildFile; fileRef = 2C49CEDD26EBF92800159808 /* SceneDelegate.swift */; };
		2C49CEE026EBF92800159808 /* ViewController.swift in Sources */ = {isa = PBXBuildFile; fileRef = 2C49CEDF26EBF92800159808 /* ViewController.swift */; };
		2C49CEE326EBF92800159808 /* Main.storyboard in Resources */ = {isa = PBXBuildFile; fileRef = 2C49CEE126EBF92800159808 /* Main.storyboard */; };
		2C49CEE526EBF92B00159808 /* Assets.xcassets in Resources */ = {isa = PBXBuildFile; fileRef = 2C49CEE426EBF92B00159808 /* Assets.xcassets */; };
		2C49CEE826EBF92B00159808 /* LaunchScreen.storyboard in Resources */ = {isa = PBXBuildFile; fileRef = 2C49CEE626EBF92B00159808 /* LaunchScreen.storyboard */; };
		2C49CEF326EBF92B00159808 /* PreWorkTests.swift in Sources */ = {isa = PBXBuildFile; fileRef = 2C49CEF226EBF92B00159808 /* PreWorkTests.swift */; };
		2C49CEFE26EBF92B00159808 /* PreWorkUITests.swift in Sources */ = {isa = PBXBuildFile; fileRef = 2C49CEFD26EBF92B00159808 /* PreWorkUITests.swift */; };
/* End PBXBuildFile section */

/* Begin PBXContainerItemProxy section */
		2C49CEEF26EBF92B00159808 /* PBXContainerItemProxy */ = {
			isa = PBXContainerItemProxy;
			containerPortal = 2C49CED026EBF92800159808 /* Project object */;
			proxyType = 1;
			remoteGlobalIDString = 2C49CED726EBF92800159808;
			remoteInfo = PreWork;
		};
		2C49CEFA26EBF92B00159808 /* PBXContainerItemProxy */ = {
			isa = PBXContainerItemProxy;
			containerPortal = 2C49CED026EBF92800159808 /* Project object */;
			proxyType = 1;
			remoteGlobalIDString = 2C49CED726EBF92800159808;
			remoteInfo = PreWork;
		};
/* End PBXContainerItemProxy section */

/* Begin PBXFileReference section */
		2C49CED826EBF92800159808 /* PreWork.app */ = {isa = PBXFileReference; explicitFileType = wrapper.application; includeInIndex = 0; path = PreWork.app; sourceTree = BUILT_PRODUCTS_DIR; };
		2C49CEDB26EBF92800159808 /* AppDelegate.swift */ = {isa = PBXFileReference; lastKnownFileType = sourcecode.swift; path = AppDelegate.swift; sourceTree = "<group>"; };
		2C49CEDD26EBF92800159808 /* SceneDelegate.swift */ = {isa = PBXFileReference; lastKnownFileType = sourcecode.swift; path = SceneDelegate.swift; sourceTree = "<group>"; };
		2C49CEDF26EBF92800159808 /* ViewController.swift */ = {isa = PBXFileReference; lastKnownFileType = sourcecode.swift; path = ViewController.swift; sourceTree = "<group>"; };
		2C49CEE226EBF92800159808 /* Base */ = {isa = PBXFileReference; lastKnownFileType = file.storyboard; name = Base; path = Base.lproj/Main.storyboard; sourceTree = "<group>"; };
		2C49CEE426EBF92B00159808 /* Assets.xcassets */ = {isa = PBXFileReference; lastKnownFileType = folder.assetcatalog; path = Assets.xcassets; sourceTree = "<group>"; };
		2C49CEE726EBF92B00159808 /* Base */ = {isa = PBXFileReference; lastKnownFileType = file.storyboard; name = Base; path = Base.lproj/LaunchScreen.storyboard; sourceTree = "<group>"; };
		2C49CEE926EBF92B00159808 /* Info.plist */ = {isa = PBXFileReference; lastKnownFileType = text.plist.xml; path = Info.plist; sourceTree = "<group>"; };
		2C49CEEE26EBF92B00159808 /* PreWorkTests.xctest */ = {isa = PBXFileReference; explicitFileType = wrapper.cfbundle; includeInIndex = 0; path = PreWorkTests.xctest; sourceTree = BUILT_PRODUCTS_DIR; };
		2C49CEF226EBF92B00159808 /* PreWorkTests.swift */ = {isa = PBXFileReference; lastKnownFileType = sourcecode.swift; path = PreWorkTests.swift; sourceTree = "<group>"; };
		2C49CEF426EBF92B00159808 /* Info.plist */ = {isa = PBXFileReference; lastKnownFileType = text.plist.xml; path = Info.plist; sourceTree = "<group>"; };
		2C49CEF926EBF92B00159808 /* PreWorkUITests.xctest */ = {isa = PBXFileReference; explicitFileType = wrapper.cfbundle; includeInIndex = 0; path = PreWorkUITests.xctest; sourceTree = BUILT_PRODUCTS_DIR; };
		2C49CEFD26EBF92B00159808 /* PreWorkUITests.swift */ = {isa = PBXFileReference; lastKnownFileType = sourcecode.swift; path = PreWorkUITests.swift; sourceTree = "<group>"; };
		2C49CEFF26EBF92B00159808 /* Info.plist */ = {isa = PBXFileReference; lastKnownFileType = text.plist.xml; path = Info.plist; sourceTree = "<group>"; };
/* End PBXFileReference section */

/* Begin PBXFrameworksBuildPhase section */
		2C49CED526EBF92800159808 /* Frameworks */ = {
			isa = PBXFrameworksBuildPhase;
			buildActionMask = 2147483647;
			files = (
			);
			runOnlyForDeploymentPostprocessing = 0;
		};
		2C49CEEB26EBF92B00159808 /* Frameworks */ = {
			isa = PBXFrameworksBuildPhase;
			buildActionMask = 2147483647;
			files = (
			);
			runOnlyForDeploymentPostprocessing = 0;
		};
		2C49CEF626EBF92B00159808 /* Frameworks */ = {
			isa = PBXFrameworksBuildPhase;
			buildActionMask = 2147483647;
			files = (
			);
			runOnlyForDeploymentPostprocessing = 0;
		};
/* End PBXFrameworksBuildPhase section */

/* Begin PBXGroup section */
		2C49CECF26EBF92800159808 = {
			isa = PBXGroup;
			children = (
				2C49CEDA26EBF92800159808 /* PreWork */,
				2C49CEF126EBF92B00159808 /* PreWorkTests */,
				2C49CEFC26EBF92B00159808 /* PreWorkUITests */,
				2C49CED926EBF92800159808 /* Products */,
			);
			sourceTree = "<group>";
		};
		2C49CED926EBF92800159808 /* Products */ = {
			isa = PBXGroup;
			children = (
				2C49CED826EBF92800159808 /* PreWork.app */,
				2C49CEEE26EBF92B00159808 /* PreWorkTests.xctest */,
				2C49CEF926EBF92B00159808 /* PreWorkUITests.xctest */,
			);
			name = Products;
			sourceTree = "<group>";
		};
		2C49CEDA26EBF92800159808 /* PreWork */ = {
			isa = PBXGroup;
			children = (
				2C49CEDB26EBF92800159808 /* AppDelegate.swift */,
				2C49CEDD26EBF92800159808 /* SceneDelegate.swift */,
				2C49CEDF26EBF92800159808 /* ViewController.swift */,
				2C49CEE126EBF92800159808 /* Main.storyboard */,
				2C49CEE426EBF92B00159808 /* Assets.xcassets */,
				2C49CEE626EBF92B00159808 /* LaunchScreen.storyboard */,
				2C49CEE926EBF92B00159808 /* Info.plist */,
			);
			path = PreWork;
			sourceTree = "<group>";
		};
		2C49CEF126EBF92B00159808 /* PreWorkTests */ = {
			isa = PBXGroup;
			children = (
				2C49CEF226EBF92B00159808 /* PreWorkTests.swift */,
				2C49CEF426EBF92B00159808 /* Info.plist */,
			);
			path = PreWorkTests;
			sourceTree = "<group>";
		};
		2C49CEFC26EBF92B00159808 /* PreWorkUITests */ = {
			isa = PBXGroup;
			children = (
				2C49CEFD26EBF92B00159808 /* PreWorkUITests.swift */,
				2C49CEFF26EBF92B00159808 /* Info.plist */,
			);
			path = PreWorkUITests;
			sourceTree = "<group>";
		};
/* End PBXGroup section */

/* Begin PBXNativeTarget section */
		2C49CED726EBF92800159808 /* PreWork */ = {
			isa = PBXNativeTarget;
			buildConfigurationList = 2C49CF0226EBF92B00159808 /* Build configuration list for PBXNativeTarget "PreWork" */;
			buildPhases = (
				2C49CED426EBF92800159808 /* Sources */,
				2C49CED526EBF92800159808 /* Frameworks */,
				2C49CED626EBF92800159808 /* Resources */,
			);
			buildRules = (
			);
			dependencies = (
			);
			name = PreWork;
			productName = PreWork;
			productReference = 2C49CED826EBF92800159808 /* PreWork.app */;
			productType = "com.apple.product-type.application";
		};
		2C49CEED26EBF92B00159808 /* PreWorkTests */ = {
			isa = PBXNativeTarget;
			buildConfigurationList = 2C49CF0526EBF92B00159808 /* Build configuration list for PBXNativeTarget "PreWorkTests" */;
			buildPhases = (
				2C49CEEA26EBF92B00159808 /* Sources */,
				2C49CEEB26EBF92B00159808 /* Frameworks */,
				2C49CEEC26EBF92B00159808 /* Resources */,
			);
			buildRules = (
			);
			dependencies = (
				2C49CEF026EBF92B00159808 /* PBXTargetDependency */,
			);
			name = PreWorkTests;
			productName = PreWorkTests;
			productReference = 2C49CEEE26EBF92B00159808 /* PreWorkTests.xctest */;
			productType = "com.apple.product-type.bundle.unit-test";
		};
		2C49CEF826EBF92B00159808 /* PreWorkUITests */ = {
			isa = PBXNativeTarget;
			buildConfigurationList = 2C49CF0826EBF92B00159808 /* Build configuration list for PBXNativeTarget "PreWorkUITests" */;
			buildPhases = (
				2C49CEF526EBF92B00159808 /* Sources */,
				2C49CEF626EBF92B00159808 /* Frameworks */,
				2C49CEF726EBF92B00159808 /* Resources */,
			);
			buildRules = (
			);
			dependencies = (
				2C49CEFB26EBF92B00159808 /* PBXTargetDependency */,
			);
			name = PreWorkUITests;
			productName = PreWorkUITests;
			productReference = 2C49CEF926EBF92B00159808 /* PreWorkUITests.xctest */;
			productType = "com.apple.product-type.bundle.ui-testing";
		};
/* End PBXNativeTarget section */

/* Begin PBXProject section */
		2C49CED026EBF92800159808 /* Project object */ = {
			isa = PBXProject;
			attributes = {
				LastSwiftUpdateCheck = 1250;
				LastUpgradeCheck = 1250;
				TargetAttributes = {
					2C49CED726EBF92800159808 = {
						CreatedOnToolsVersion = 12.5.1;
					};
					2C49CEED26EBF92B00159808 = {
						CreatedOnToolsVersion = 12.5.1;
						TestTargetID = 2C49CED726EBF92800159808;
					};
					2C49CEF826EBF92B00159808 = {
						CreatedOnToolsVersion = 12.5.1;
						TestTargetID = 2C49CED726EBF92800159808;
					};
				};
			};
			buildConfigurationList = 2C49CED326EBF92800159808 /* Build configuration list for PBXProject "PreWork" */;
			compatibilityVersion = "Xcode 9.3";
			developmentRegion = en;
			hasScannedForEncodings = 0;
			knownRegions = (
				en,
				Base,
			);
			mainGroup = 2C49CECF26EBF92800159808;
			productRefGroup = 2C49CED926EBF92800159808 /* Products */;
			projectDirPath = "";
			projectRoot = "";
			targets = (
				2C49CED726EBF92800159808 /* PreWork */,
				2C49CEED26EBF92B00159808 /* PreWorkTests */,
				2C49CEF826EBF92B00159808 /* PreWorkUITests */,
			);
		};
/* End PBXProject section */

/* Begin PBXResourcesBuildPhase section */
		2C49CED626EBF92800159808 /* Resources */ = {
			isa = PBXResourcesBuildPhase;
			buildActionMask = 2147483647;
			files = (
				2C49CEE826EBF92B00159808 /* LaunchScreen.storyboard in Resources */,
				2C49CEE526EBF92B00159808 /* Assets.xcassets in Resources */,
				2C49CEE326EBF92800159808 /* Main.storyboard in Resources */,
			);
			runOnlyForDeploymentPostprocessing = 0;
		};
		2C49CEEC26EBF92B00159808 /* Resources */ = {
			isa = PBXResourcesBuildPhase;
			buildActionMask = 2147483647;
			files = (
			);
			runOnlyForDeploymentPostprocessing = 0;
		};
		2C49CEF726EBF92B00159808 /* Resources */ = {
			isa = PBXResourcesBuildPhase;
			buildActionMask = 2147483647;
			files = (
			);
			runOnlyForDeploymentPostprocessing = 0;
		};
/* End PBXResourcesBuildPhase section */

/* Begin PBXSourcesBuildPhase section */
		2C49CED426EBF92800159808 /* Sources */ = {
			isa = PBXSourcesBuildPhase;
			buildActionMask = 2147483647;
			files = (
				2C49CEE026EBF92800159808 /* ViewController.swift in Sources */,
				2C49CEDC26EBF92800159808 /* AppDelegate.swift in Sources */,
				2C49CEDE26EBF92800159808 /* SceneDelegate.swift in Sources */,
			);
			runOnlyForDeploymentPostprocessing = 0;
		};
		2C49CEEA26EBF92B00159808 /* Sources */ = {
			isa = PBXSourcesBuildPhase;
			buildActionMask = 2147483647;
			files = (
				2C49CEF326EBF92B00159808 /* PreWorkTests.swift in Sources */,
			);
			runOnlyForDeploymentPostprocessing = 0;
		};
		2C49CEF526EBF92B00159808 /* Sources */ = {
			isa = PBXSourcesBuildPhase;
			buildActionMask = 2147483647;
			files = (
				2C49CEFE26EBF92B00159808 /* PreWorkUITests.swift in Sources */,
			);
			runOnlyForDeploymentPostprocessing = 0;
		};
/* End PBXSourcesBuildPhase section */

/* Begin PBXTargetDependency section */
		2C49CEF026EBF92B00159808 /* PBXTargetDependency */ = {
			isa = PBXTargetDependency;
			target = 2C49CED726EBF92800159808 /* PreWork */;
			targetProxy = 2C49CEEF26EBF92B00159808 /* PBXContainerItemProxy */;
		};
		2C49CEFB26EBF92B00159808 /* PBXTargetDependency */ = {
			isa = PBXTargetDependency;
			target = 2C49CED726EBF92800159808 /* PreWork */;
			targetProxy = 2C49CEFA26EBF92B00159808 /* PBXContainerItemProxy */;
		};
/* End PBXTargetDependency section */

/* Begin PBXVariantGroup section */
		2C49CEE126EBF92800159808 /* Main.storyboard */ = {
			isa = PBXVariantGroup;
			children = (
				2C49CEE226EBF92800159808 /* Base */,
			);
			name = Main.storyboard;
			sourceTree = "<group>";
		};
		2C49CEE626EBF92B00159808 /* LaunchScreen.storyboard */ = {
			isa = PBXVariantGroup;
			children = (
				2C49CEE726EBF92B00159808 /* Base */,
			);
			name = LaunchScreen.storyboard;
			sourceTree = "<group>";
		};
/* End PBXVariantGroup section */

/* Begin XCBuildConfiguration section */
		2C49CF0026EBF92B00159808 /* Debug */ = {
			isa = XCBuildConfiguration;
			buildSettings = {
				ALWAYS_SEARCH_USER_PATHS = NO;
				CLANG_ANALYZER_NONNULL = YES;
				CLANG_ANALYZER_NUMBER_OBJECT_CONVERSION = YES_AGGRESSIVE;
				CLANG_CXX_LANGUAGE_STANDARD = "gnu++14";
				CLANG_CXX_LIBRARY = "libc++";
				CLANG_ENABLE_MODULES = YES;
				CLANG_ENABLE_OBJC_ARC = YES;
				CLANG_ENABLE_OBJC_WEAK = YES;
				CLANG_WARN_BLOCK_CAPTURE_AUTORELEASING = YES;
				CLANG_WARN_BOOL_CONVERSION = YES;
				CLANG_WARN_COMMA = YES;
				CLANG_WARN_CONSTANT_CONVERSION = YES;
				CLANG_WARN_DEPRECATED_OBJC_IMPLEMENTATIONS = YES;
				CLANG_WARN_DIRECT_OBJC_ISA_USAGE = YES_ERROR;
				CLANG_WARN_DOCUMENTATION_COMMENTS = YES;
				CLANG_WARN_EMPTY_BODY = YES;
				CLANG_WARN_ENUM_CONVERSION = YES;
				CLANG_WARN_INFINITE_RECURSION = YES;
				CLANG_WARN_INT_CONVERSION = YES;
				CLANG_WARN_NON_LITERAL_NULL_CONVERSION = YES;
				CLANG_WARN_OBJC_IMPLICIT_RETAIN_SELF = YES;
				CLANG_WARN_OBJC_LITERAL_CONVERSION = YES;
				CLANG_WARN_OBJC_ROOT_CLASS = YES_ERROR;
				CLANG_WARN_QUOTED_INCLUDE_IN_FRAMEWORK_HEADER = YES;
				CLANG_WARN_RANGE_LOOP_ANALYSIS = YES;
				CLANG_WARN_STRICT_PROTOTYPES = YES;
				CLANG_WARN_SUSPICIOUS_MOVE = YES;
				CLANG_WARN_UNGUARDED_AVAILABILITY = YES_AGGRESSIVE;
				CLANG_WARN_UNREACHABLE_CODE = YES;
				CLANG_WARN__DUPLICATE_METHOD_MATCH = YES;
				COPY_PHASE_STRIP = NO;
				DEBUG_INFORMATION_FORMAT = dwarf;
				ENABLE_STRICT_OBJC_MSGSEND = YES;
				ENABLE_TESTABILITY = YES;
				GCC_C_LANGUAGE_STANDARD = gnu11;
				GCC_DYNAMIC_NO_PIC = NO;
				GCC_NO_COMMON_BLOCKS = YES;
				GCC_OPTIMIZATION_LEVEL = 0;
				GCC_PREPROCESSOR_DEFINITIONS = (
					"DEBUG=1",
					"$(inherited)",
				);
				GCC_WARN_64_TO_32_BIT_CONVERSION = YES;
				GCC_WARN_ABOUT_RETURN_TYPE = YES_ERROR;
				GCC_WARN_UNDECLARED_SELECTOR = YES;
				GCC_WARN_UNINITIALIZED_AUTOS = YES_AGGRESSIVE;
				GCC_WARN_UNUSED_FUNCTION = YES;
				GCC_WARN_UNUSED_VARIABLE = YES;
				IPHONEOS_DEPLOYMENT_TARGET = 14.5;
				MTL_ENABLE_DEBUG_INFO = INCLUDE_SOURCE;
				MTL_FAST_MATH = YES;
				ONLY_ACTIVE_ARCH = YES;
				SDKROOT = iphoneos;
				SWIFT_ACTIVE_COMPILATION_CONDITIONS = DEBUG;
				SWIFT_OPTIMIZATION_LEVEL = "-Onone";
			};
			name = Debug;
		};
		2C49CF0126EBF92B00159808 /* Release */ = {
			isa = XCBuildConfiguration;
			buildSettings = {
				ALWAYS_SEARCH_USER_PATHS = NO;
				CLANG_ANALYZER_NONNULL = YES;
				CLANG_ANALYZER_NUMBER_OBJECT_CONVERSION = YES_AGGRESSIVE;
				CLANG_CXX_LANGUAGE_STANDARD = "gnu++14";
				CLANG_CXX_LIBRARY = "libc++";
				CLANG_ENABLE_MODULES = YES;
				CLANG_ENABLE_OBJC_ARC = YES;
				CLANG_ENABLE_OBJC_WEAK = YES;
				CLANG_WARN_BLOCK_CAPTURE_AUTORELEASING = YES;
				CLANG_WARN_BOOL_CONVERSION = YES;
				CLANG_WARN_COMMA = YES;
				CLANG_WARN_CONSTANT_CONVERSION = YES;
				CLANG_WARN_DEPRECATED_OBJC_IMPLEMENTATIONS = YES;
				CLANG_WARN_DIRECT_OBJC_ISA_USAGE = YES_ERROR;
				CLANG_WARN_DOCUMENTATION_COMMENTS = YES;
				CLANG_WARN_EMPTY_BODY = YES;
				CLANG_WARN_ENUM_CONVERSION = YES;
				CLANG_WARN_INFINITE_RECURSION = YES;
				CLANG_WARN_INT_CONVERSION = YES;
				CLANG_WARN_NON_LITERAL_NULL_CONVERSION = YES;
				CLANG_WARN_OBJC_IMPLICIT_RETAIN_SELF = YES;
				CLANG_WARN_OBJC_LITERAL_CONVERSION = YES;
				CLANG_WARN_OBJC_ROOT_CLASS = YES_ERROR;
				CLANG_WARN_QUOTED_INCLUDE_IN_FRAMEWORK_HEADER = YES;
				CLANG_WARN_RANGE_LOOP_ANALYSIS = YES;
				CLANG_WARN_STRICT_PROTOTYPES = YES;
				CLANG_WARN_SUSPICIOUS_MOVE = YES;
				CLANG_WARN_UNGUARDED_AVAILABILITY = YES_AGGRESSIVE;
				CLANG_WARN_UNREACHABLE_CODE = YES;
				CLANG_WARN__DUPLICATE_METHOD_MATCH = YES;
				COPY_PHASE_STRIP = NO;
				DEBUG_INFORMATION_FORMAT = "dwarf-with-dsym";
				ENABLE_NS_ASSERTIONS = NO;
				ENABLE_STRICT_OBJC_MSGSEND = YES;
				GCC_C_LANGUAGE_STANDARD = gnu11;
				GCC_NO_COMMON_BLOCKS = YES;
				GCC_WARN_64_TO_32_BIT_CONVERSION = YES;
				GCC_WARN_ABOUT_RETURN_TYPE = YES_ERROR;
				GCC_WARN_UNDECLARED_SELECTOR = YES;
				GCC_WARN_UNINITIALIZED_AUTOS = YES_AGGRESSIVE;
				GCC_WARN_UNUSED_FUNCTION = YES;
				GCC_WARN_UNUSED_VARIABLE = YES;
				IPHONEOS_DEPLOYMENT_TARGET = 14.5;
				MTL_ENABLE_DEBUG_INFO = NO;
				MTL_FAST_MATH = YES;
				SDKROOT = iphoneos;
				SWIFT_COMPILATION_MODE = wholemodule;
				SWIFT_OPTIMIZATION_LEVEL = "-O";
				VALIDATE_PRODUCT = YES;
			};
			name = Release;
		};
		2C49CF0326EBF92B00159808 /* Debug */ = {
			isa = XCBuildConfiguration;
			buildSettings = {
				ASSETCATALOG_COMPILER_APPICON_NAME = AppIcon;
				ASSETCATALOG_COMPILER_GLOBAL_ACCENT_COLOR_NAME = AccentColor;
				CODE_SIGN_STYLE = Automatic;
				DEVELOPMENT_TEAM = 585K9J244J;
				INFOPLIST_FILE = PreWork/Info.plist;
				LD_RUNPATH_SEARCH_PATHS = (
					"$(inherited)",
					"@executable_path/Frameworks",
				);
				PRODUCT_BUNDLE_IDENTIFIER = memo.com.PreWork;
				PRODUCT_NAME = "$(TARGET_NAME)";
				SWIFT_VERSION = 5.0;
				TARGETED_DEVICE_FAMILY = "1,2";
			};
			name = Debug;
		};
		2C49CF0426EBF92B00159808 /* Release */ = {
			isa = XCBuildConfiguration;
			buildSettings = {
				ASSETCATALOG_COMPILER_APPICON_NAME = AppIcon;
				ASSETCATALOG_COMPILER_GLOBAL_ACCENT_COLOR_NAME = AccentColor;
				CODE_SIGN_STYLE = Automatic;
				DEVELOPMENT_TEAM = 585K9J244J;
				INFOPLIST_FILE = PreWork/Info.plist;
				LD_RUNPATH_SEARCH_PATHS = (
					"$(inherited)",
					"@executable_path/Frameworks",
				);
				PRODUCT_BUNDLE_IDENTIFIER = memo.com.PreWork;
				PRODUCT_NAME = "$(TARGET_NAME)";
				SWIFT_VERSION = 5.0;
				TARGETED_DEVICE_FAMILY = "1,2";
			};
			name = Release;
		};
		2C49CF0626EBF92B00159808 /* Debug */ = {
			isa = XCBuildConfiguration;
			buildSettings = {
				ALWAYS_EMBED_SWIFT_STANDARD_LIBRARIES = YES;
				BUNDLE_LOADER = "$(TEST_HOST)";
				CODE_SIGN_STYLE = Automatic;
				DEVELOPMENT_TEAM = 585K9J244J;
				INFOPLIST_FILE = PreWorkTests/Info.plist;
				IPHONEOS_DEPLOYMENT_TARGET = 14.5;
				LD_RUNPATH_SEARCH_PATHS = (
					"$(inherited)",
					"@executable_path/Frameworks",
					"@loader_path/Frameworks",
				);
				PRODUCT_BUNDLE_IDENTIFIER = memo.com.PreWorkTests;
				PRODUCT_NAME = "$(TARGET_NAME)";
				SWIFT_VERSION = 5.0;
				TARGETED_DEVICE_FAMILY = "1,2";
				TEST_HOST = "$(BUILT_PRODUCTS_DIR)/PreWork.app/PreWork";
			};
			name = Debug;
		};
		2C49CF0726EBF92B00159808 /* Release */ = {
			isa = XCBuildConfiguration;
			buildSettings = {
				ALWAYS_EMBED_SWIFT_STANDARD_LIBRARIES = YES;
				BUNDLE_LOADER = "$(TEST_HOST)";
				CODE_SIGN_STYLE = Automatic;
				DEVELOPMENT_TEAM = 585K9J244J;
				INFOPLIST_FILE = PreWorkTests/Info.plist;
				IPHONEOS_DEPLOYMENT_TARGET = 14.5;
				LD_RUNPATH_SEARCH_PATHS = (
					"$(inherited)",
					"@executable_path/Frameworks",
					"@loader_path/Frameworks",
				);
				PRODUCT_BUNDLE_IDENTIFIER = memo.com.PreWorkTests;
				PRODUCT_NAME = "$(TARGET_NAME)";
				SWIFT_VERSION = 5.0;
				TARGETED_DEVICE_FAMILY = "1,2";
				TEST_HOST = "$(BUILT_PRODUCTS_DIR)/PreWork.app/PreWork";
			};
			name = Release;
		};
		2C49CF0926EBF92B00159808 /* Debug */ = {
			isa = XCBuildConfiguration;
			buildSettings = {
				ALWAYS_EMBED_SWIFT_STANDARD_LIBRARIES = YES;
				CODE_SIGN_STYLE = Automatic;
				DEVELOPMENT_TEAM = 585K9J244J;
				INFOPLIST_FILE = PreWorkUITests/Info.plist;
				LD_RUNPATH_SEARCH_PATHS = (
					"$(inherited)",
					"@executable_path/Frameworks",
					"@loader_path/Frameworks",
				);
				PRODUCT_BUNDLE_IDENTIFIER = memo.com.PreWorkUITests;
				PRODUCT_NAME = "$(TARGET_NAME)";
				SWIFT_VERSION = 5.0;
				TARGETED_DEVICE_FAMILY = "1,2";
				TEST_TARGET_NAME = PreWork;
			};
			name = Debug;
		};
		2C49CF0A26EBF92B00159808 /* Release */ = {
			isa = XCBuildConfiguration;
			buildSettings = {
				ALWAYS_EMBED_SWIFT_STANDARD_LIBRARIES = YES;
				CODE_SIGN_STYLE = Automatic;
				DEVELOPMENT_TEAM = 585K9J244J;
				INFOPLIST_FILE = PreWorkUITests/Info.plist;
				LD_RUNPATH_SEARCH_PATHS = (
					"$(inherited)",
					"@executable_path/Frameworks",
					"@loader_path/Frameworks",
				);
				PRODUCT_BUNDLE_IDENTIFIER = memo.com.PreWorkUITests;
				PRODUCT_NAME = "$(TARGET_NAME)";
				SWIFT_VERSION = 5.0;
				TARGETED_DEVICE_FAMILY = "1,2";
				TEST_TARGET_NAME = PreWork;
			};
			name = Release;
		};
/* End XCBuildConfiguration section */

/* Begin XCConfigurationList section */
		2C49CED326EBF92800159808 /* Build configuration list for PBXProject "PreWork" */ = {
			isa = XCConfigurationList;
			buildConfigurations = (
				2C49CF0026EBF92B00159808 /* Debug */,
				2C49CF0126EBF92B00159808 /* Release */,
			);
			defaultConfigurationIsVisible = 0;
			defaultConfigurationName = Release;
		};
		2C49CF0226EBF92B00159808 /* Build configuration list for PBXNativeTarget "PreWork" */ = {
			isa = XCConfigurationList;
			buildConfigurations = (
				2C49CF0326EBF92B00159808 /* Debug */,
				2C49CF0426EBF92B00159808 /* Release */,
			);
			defaultConfigurationIsVisible = 0;
			defaultConfigurationName = Release;
		};
		2C49CF0526EBF92B00159808 /* Build configuration list for PBXNativeTarget "PreWorkTests" */ = {
			isa = XCConfigurationList;
			buildConfigurations = (
				2C49CF0626EBF92B00159808 /* Debug */,
				2C49CF0726EBF92B00159808 /* Release */,
			);
			defaultConfigurationIsVisible = 0;
			defaultConfigurationName = Release;
		};
		2C49CF0826EBF92B00159808 /* Build configuration list for PBXNativeTarget "PreWorkUITests" */ = {
			isa = XCConfigurationList;
			buildConfigurations = (
				2C49CF0926EBF92B00159808 /* Debug */,
				2C49CF0A26EBF92B00159808 /* Release */,
			);
			defaultConfigurationIsVisible = 0;
			defaultConfigurationName = Release;
		};
/* End XCConfigurationList section */
	};
	rootObject = 2C49CED026EBF92800159808 /* Project object */;
}
